
Microsoft Visual Studio Solution File, Format Version 12.00
# Visual Studio Version 16
VisualStudioVersion = 16.0.29519.87
MinimumVisualStudioVersion = 10.0.40219.1
Project("{FAE04EC0-301F-11D3-BF4B-00C04F79EFBC}") = "AppTeste", "AppTeste.csproj", "{88913803-39D7-4A31-AC9E-96882FA477AE}"
EndProject
Global
	GlobalSection(SolutionConfigurationPlatforms) = preSolution
		Debug|Any CPU = Debug|Any CPU
		Release|Any CPU = Release|Any CPU
	EndGlobalSection
	GlobalSection(ProjectConfigurationPlatforms) = postSolution
		{88913803-39D7-4A31-AC9E-96882FA477AE}.Debug|Any CPU.ActiveCfg = Debug|Any CPU
		{88913803-39D7-4A31-AC9E-96882FA477AE}.Debug|Any CPU.Build.0 = Debug|Any CPU
		{88913803-39D7-4A31-AC9E-96882FA477AE}.Release|Any CPU.ActiveCfg = Release|Any CPU
		{88913803-39D7-4A31-AC9E-96882FA477AE}.Release|Any CPU.Build.0 = Release|Any CPU
	EndGlobalSection
	GlobalSection(SolutionProperties) = preSolution
		HideSolutionNode = FALSE
	EndGlobalSection
	GlobalSection(ExtensibilityGlobals) = postSolution
		SolutionGuid = {A08EC2A4-C0A9-469B-B5B9-D1E1E7794288}
	EndGlobalSection
EndGlobal
